// !$*UTF8*$!
{
	archiveVersion = 1;
	classes = {
	};
	objectVersion = 50;
	objects = {

/* Begin PBXBuildFile section */
		E4EA349A25DC922500449A03 /* rubberbandApp.swift in Sources */ = {isa = PBXBuildFile; fileRef = E4EA349925DC922500449A03 /* rubberbandApp.swift */; };
		E4EA349C25DC922500449A03 /* ContentView.swift in Sources */ = {isa = PBXBuildFile; fileRef = E4EA349B25DC922500449A03 /* ContentView.swift */; };
		E4EA349E25DC922A00449A03 /* Assets.xcassets in Resources */ = {isa = PBXBuildFile; fileRef = E4EA349D25DC922A00449A03 /* Assets.xcassets */; };
		E4EA34A125DC922A00449A03 /* Preview Assets.xcassets in Resources */ = {isa = PBXBuildFile; fileRef = E4EA34A025DC922A00449A03 /* Preview Assets.xcassets */; };
		E4EA34AC25DC922A00449A03 /* rubberbandTests.swift in Sources */ = {isa = PBXBuildFile; fileRef = E4EA34AB25DC922A00449A03 /* rubberbandTests.swift */; };
		E4EA34B725DC922A00449A03 /* rubberbandUITests.swift in Sources */ = {isa = PBXBuildFile; fileRef = E4EA34B625DC922A00449A03 /* rubberbandUITests.swift */; };
		E4EA34CB25DDADAB00449A03 /* RubberDrag.swift in Sources */ = {isa = PBXBuildFile; fileRef = E4EA34CA25DDADAB00449A03 /* RubberDrag.swift */; };
/* End PBXBuildFile section */

/* Begin PBXContainerItemProxy section */
		E4EA34A825DC922A00449A03 /* PBXContainerItemProxy */ = {
			isa = PBXContainerItemProxy;
			containerPortal = E4EA348E25DC922500449A03 /* Project object */;
			proxyType = 1;
			remoteGlobalIDString = E4EA349525DC922500449A03;
			remoteInfo = rubberband;
		};
		E4EA34B325DC922A00449A03 /* PBXContainerItemProxy */ = {
			isa = PBXContainerItemProxy;
			containerPortal = E4EA348E25DC922500449A03 /* Project object */;
			proxyType = 1;
			remoteGlobalIDString = E4EA349525DC922500449A03;
			remoteInfo = rubberband;
		};
/* End PBXContainerItemProxy section */

/* Begin PBXFileReference section */
		E4EA349625DC922500449A03 /* rubberband.app */ = {isa = PBXFileReference; explicitFileType = wrapper.application; includeInIndex = 0; path = rubberband.app; sourceTree = BUILT_PRODUCTS_DIR; };
		E4EA349925DC922500449A03 /* rubberbandApp.swift */ = {isa = PBXFileReference; lastKnownFileType = sourcecode.swift; path = rubberbandApp.swift; sourceTree = "<group>"; };
		E4EA349B25DC922500449A03 /* ContentView.swift */ = {isa = PBXFileReference; lastKnownFileType = sourcecode.swift; path = ContentView.swift; sourceTree = "<group>"; };
		E4EA349D25DC922A00449A03 /* Assets.xcassets */ = {isa = PBXFileReference; lastKnownFileType = folder.assetcatalog; path = Assets.xcassets; sourceTree = "<group>"; };
		E4EA34A025DC922A00449A03 /* Preview Assets.xcassets */ = {isa = PBXFileReference; lastKnownFileType = folder.assetcatalog; path = "Preview Assets.xcassets"; sourceTree = "<group>"; };
		E4EA34A225DC922A00449A03 /* Info.plist */ = {isa = PBXFileReference; lastKnownFileType = text.plist.xml; path = Info.plist; sourceTree = "<group>"; };
		E4EA34A725DC922A00449A03 /* rubberbandTests.xctest */ = {isa = PBXFileReference; explicitFileType = wrapper.cfbundle; includeInIndex = 0; path = rubberbandTests.xctest; sourceTree = BUILT_PRODUCTS_DIR; };
		E4EA34AB25DC922A00449A03 /* rubberbandTests.swift */ = {isa = PBXFileReference; lastKnownFileType = sourcecode.swift; path = rubberbandTests.swift; sourceTree = "<group>"; };
		E4EA34AD25DC922A00449A03 /* Info.plist */ = {isa = PBXFileReference; lastKnownFileType = text.plist.xml; path = Info.plist; sourceTree = "<group>"; };
		E4EA34B225DC922A00449A03 /* rubberbandUITests.xctest */ = {isa = PBXFileReference; explicitFileType = wrapper.cfbundle; includeInIndex = 0; path = rubberbandUITests.xctest; sourceTree = BUILT_PRODUCTS_DIR; };
		E4EA34B625DC922A00449A03 /* rubberbandUITests.swift */ = {isa = PBXFileReference; lastKnownFileType = sourcecode.swift; path = rubberbandUITests.swift; sourceTree = "<group>"; };
		E4EA34B825DC922A00449A03 /* Info.plist */ = {isa = PBXFileReference; lastKnownFileType = text.plist.xml; path = Info.plist; sourceTree = "<group>"; };
		E4EA34CA25DDADAB00449A03 /* RubberDrag.swift */ = {isa = PBXFileReference; lastKnownFileType = sourcecode.swift; path = RubberDrag.swift; sourceTree = "<group>"; };
/* End PBXFileReference section */

/* Begin PBXFrameworksBuildPhase section */
		E4EA349325DC922500449A03 /* Frameworks */ = {
			isa = PBXFrameworksBuildPhase;
			buildActionMask = 2147483647;
			files = (
			);
			runOnlyForDeploymentPostprocessing = 0;
		};
		E4EA34A425DC922A00449A03 /* Frameworks */ = {
			isa = PBXFrameworksBuildPhase;
			buildActionMask = 2147483647;
			files = (
			);
			runOnlyForDeploymentPostprocessing = 0;
		};
		E4EA34AF25DC922A00449A03 /* Frameworks */ = {
			isa = PBXFrameworksBuildPhase;
			buildActionMask = 2147483647;
			files = (
			);
			runOnlyForDeploymentPostprocessing = 0;
		};
/* End PBXFrameworksBuildPhase section */

/* Begin PBXGroup section */
		E4EA348D25DC922500449A03 = {
			isa = PBXGroup;
			children = (
				E4EA349825DC922500449A03 /* rubberband */,
				E4EA34AA25DC922A00449A03 /* rubberbandTests */,
				E4EA34B525DC922A00449A03 /* rubberbandUITests */,
				E4EA349725DC922500449A03 /* Products */,
			);
			sourceTree = "<group>";
		};
		E4EA349725DC922500449A03 /* Products */ = {
			isa = PBXGroup;
			children = (
				E4EA349625DC922500449A03 /* rubberband.app */,
				E4EA34A725DC922A00449A03 /* rubberbandTests.xctest */,
				E4EA34B225DC922A00449A03 /* rubberbandUITests.xctest */,
			);
			name = Products;
			sourceTree = "<group>";
		};
		E4EA349825DC922500449A03 /* rubberband */ = {
			isa = PBXGroup;
			children = (
				E4EA349925DC922500449A03 /* rubberbandApp.swift */,
				E4EA349B25DC922500449A03 /* ContentView.swift */,
				E4EA34CA25DDADAB00449A03 /* RubberDrag.swift */,
				E4EA349D25DC922A00449A03 /* Assets.xcassets */,
				E4EA34A225DC922A00449A03 /* Info.plist */,
				E4EA349F25DC922A00449A03 /* Preview Content */,
			);
			path = rubberband;
			sourceTree = "<group>";
		};
		E4EA349F25DC922A00449A03 /* Preview Content */ = {
			isa = PBXGroup;
			children = (
				E4EA34A025DC922A00449A03 /* Preview Assets.xcassets */,
			);
			path = "Preview Content";
			sourceTree = "<group>";
		};
		E4EA34AA25DC922A00449A03 /* rubberbandTests */ = {
			isa = PBXGroup;
			children = (
				E4EA34AB25DC922A00449A03 /* rubberbandTests.swift */,
				E4EA34AD25DC922A00449A03 /* Info.plist */,
			);
			path = rubberbandTests;
			sourceTree = "<group>";
		};
		E4EA34B525DC922A00449A03 /* rubberbandUITests */ = {
			isa = PBXGroup;
			children = (
				E4EA34B625DC922A00449A03 /* rubberbandUITests.swift */,
				E4EA34B825DC922A00449A03 /* Info.plist */,
			);
			path = rubberbandUITests;
			sourceTree = "<group>";
		};
/* End PBXGroup section */

/* Begin PBXNativeTarget section */
		E4EA349525DC922500449A03 /* rubberband */ = {
			isa = PBXNativeTarget;
			buildConfigurationList = E4EA34BB25DC922A00449A03 /* Build configuration list for PBXNativeTarget "rubberband" */;
			buildPhases = (
				E4EA349225DC922500449A03 /* Sources */,
				E4EA349325DC922500449A03 /* Frameworks */,
				E4EA349425DC922500449A03 /* Resources */,
			);
			buildRules = (
			);
			dependencies = (
			);
			name = rubberband;
			productName = rubberband;
			productReference = E4EA349625DC922500449A03 /* rubberband.app */;
			productType = "com.apple.product-type.application";
		};
		E4EA34A625DC922A00449A03 /* rubberbandTests */ = {
			isa = PBXNativeTarget;
			buildConfigurationList = E4EA34BE25DC922A00449A03 /* Build configuration list for PBXNativeTarget "rubberbandTests" */;
			buildPhases = (
				E4EA34A325DC922A00449A03 /* Sources */,
				E4EA34A425DC922A00449A03 /* Frameworks */,
				E4EA34A525DC922A00449A03 /* Resources */,
			);
			buildRules = (
			);
			dependencies = (
				E4EA34A925DC922A00449A03 /* PBXTargetDependency */,
			);
			name = rubberbandTests;
			productName = rubberbandTests;
			productReference = E4EA34A725DC922A00449A03 /* rubberbandTests.xctest */;
			productType = "com.apple.product-type.bundle.unit-test";
		};
		E4EA34B125DC922A00449A03 /* rubberbandUITests */ = {
			isa = PBXNativeTarget;
			buildConfigurationList = E4EA34C125DC922A00449A03 /* Build configuration list for PBXNativeTarget "rubberbandUITests" */;
			buildPhases = (
				E4EA34AE25DC922A00449A03 /* Sources */,
				E4EA34AF25DC922A00449A03 /* Frameworks */,
				E4EA34B025DC922A00449A03 /* Resources */,
			);
			buildRules = (
			);
			dependencies = (
				E4EA34B425DC922A00449A03 /* PBXTargetDependency */,
			);
			name = rubberbandUITests;
			productName = rubberbandUITests;
			productReference = E4EA34B225DC922A00449A03 /* rubberbandUITests.xctest */;
			productType = "com.apple.product-type.bundle.ui-testing";
		};
/* End PBXNativeTarget section */

/* Begin PBXProject section */
		E4EA348E25DC922500449A03 /* Project object */ = {
			isa = PBXProject;
			attributes = {
				LastSwiftUpdateCheck = 1240;
				LastUpgradeCheck = 1240;
				TargetAttributes = {
					E4EA349525DC922500449A03 = {
						CreatedOnToolsVersion = 12.4;
					};
					E4EA34A625DC922A00449A03 = {
						CreatedOnToolsVersion = 12.4;
						TestTargetID = E4EA349525DC922500449A03;
					};
					E4EA34B125DC922A00449A03 = {
						CreatedOnToolsVersion = 12.4;
						TestTargetID = E4EA349525DC922500449A03;
					};
				};
			};
			buildConfigurationList = E4EA349125DC922500449A03 /* Build configuration list for PBXProject "rubberband" */;
			compatibilityVersion = "Xcode 9.3";
			developmentRegion = en;
			hasScannedForEncodings = 0;
			knownRegions = (
				en,
				Base,
			);
			mainGroup = E4EA348D25DC922500449A03;
			productRefGroup = E4EA349725DC922500449A03 /* Products */;
			projectDirPath = "";
			projectRoot = "";
			targets = (
				E4EA349525DC922500449A03 /* rubberband */,
				E4EA34A625DC922A00449A03 /* rubberbandTests */,
				E4EA34B125DC922A00449A03 /* rubberbandUITests */,
			);
		};
/* End PBXProject section */

/* Begin PBXResourcesBuildPhase section */
		E4EA349425DC922500449A03 /* Resources */ = {
			isa = PBXResourcesBuildPhase;
			buildActionMask = 2147483647;
			files = (
				E4EA34A125DC922A00449A03 /* Preview Assets.xcassets in Resources */,
				E4EA349E25DC922A00449A03 /* Assets.xcassets in Resources */,
			);
			runOnlyForDeploymentPostprocessing = 0;
		};
		E4EA34A525DC922A00449A03 /* Resources */ = {
			isa = PBXResourcesBuildPhase;
			buildActionMask = 2147483647;
			files = (
			);
			runOnlyForDeploymentPostprocessing = 0;
		};
		E4EA34B025DC922A00449A03 /* Resources */ = {
			isa = PBXResourcesBuildPhase;
			buildActionMask = 2147483647;
			files = (
			);
			runOnlyForDeploymentPostprocessing = 0;
		};
/* End PBXResourcesBuildPhase section */

/* Begin PBXSourcesBuildPhase section */
		E4EA349225DC922500449A03 /* Sources */ = {
			isa = PBXSourcesBuildPhase;
			buildActionMask = 2147483647;
			files = (
				E4EA34CB25DDADAB00449A03 /* RubberDrag.swift in Sources */,
				E4EA349C25DC922500449A03 /* ContentView.swift in Sources */,
				E4EA349A25DC922500449A03 /* rubberbandApp.swift in Sources */,
			);
			runOnlyForDeploymentPostprocessing = 0;
		};
		E4EA34A325DC922A00449A03 /* Sources */ = {
			isa = PBXSourcesBuildPhase;
			buildActionMask = 2147483647;
			files = (
				E4EA34AC25DC922A00449A03 /* rubberbandTests.swift in Sources */,
			);
			runOnlyForDeploymentPostprocessing = 0;
		};
		E4EA34AE25DC922A00449A03 /* Sources */ = {
			isa = PBXSourcesBuildPhase;
			buildActionMask = 2147483647;
			files = (
				E4EA34B725DC922A00449A03 /* rubberbandUITests.swift in Sources */,
			);
			runOnlyForDeploymentPostprocessing = 0;
		};
/* End PBXSourcesBuildPhase section */

/* Begin PBXTargetDependency section */
		E4EA34A925DC922A00449A03 /* PBXTargetDependency */ = {
			isa = PBXTargetDependency;
			target = E4EA349525DC922500449A03 /* rubberband */;
			targetProxy = E4EA34A825DC922A00449A03 /* PBXContainerItemProxy */;
		};
		E4EA34B425DC922A00449A03 /* PBXTargetDependency */ = {
			isa = PBXTargetDependency;
			target = E4EA349525DC922500449A03 /* rubberband */;
			targetProxy = E4EA34B325DC922A00449A03 /* PBXContainerItemProxy */;
		};
/* End PBXTargetDependency section */

/* Begin XCBuildConfiguration section */
		E4EA34B925DC922A00449A03 /* Debug */ = {
			isa = XCBuildConfiguration;
			buildSettings = {
				ALWAYS_SEARCH_USER_PATHS = NO;
				CLANG_ANALYZER_NONNULL = YES;
				CLANG_ANALYZER_NUMBER_OBJECT_CONVERSION = YES_AGGRESSIVE;
				CLANG_CXX_LANGUAGE_STANDARD = "gnu++14";
				CLANG_CXX_LIBRARY = "libc++";
				CLANG_ENABLE_MODULES = YES;
				CLANG_ENABLE_OBJC_ARC = YES;
				CLANG_ENABLE_OBJC_WEAK = YES;
				CLANG_WARN_BLOCK_CAPTURE_AUTORELEASING = YES;
				CLANG_WARN_BOOL_CONVERSION = YES;
				CLANG_WARN_COMMA = YES;
				CLANG_WARN_CONSTANT_CONVERSION = YES;
				CLANG_WARN_DEPRECATED_OBJC_IMPLEMENTATIONS = YES;
				CLANG_WARN_DIRECT_OBJC_ISA_USAGE = YES_ERROR;
				CLANG_WARN_DOCUMENTATION_COMMENTS = YES;
				CLANG_WARN_EMPTY_BODY = YES;
				CLANG_WARN_ENUM_CONVERSION = YES;
				CLANG_WARN_INFINITE_RECURSION = YES;
				CLANG_WARN_INT_CONVERSION = YES;
				CLANG_WARN_NON_LITERAL_NULL_CONVERSION = YES;
				CLANG_WARN_OBJC_IMPLICIT_RETAIN_SELF = YES;
				CLANG_WARN_OBJC_LITERAL_CONVERSION = YES;
				CLANG_WARN_OBJC_ROOT_CLASS = YES_ERROR;
				CLANG_WARN_QUOTED_INCLUDE_IN_FRAMEWORK_HEADER = YES;
				CLANG_WARN_RANGE_LOOP_ANALYSIS = YES;
				CLANG_WARN_STRICT_PROTOTYPES = YES;
				CLANG_WARN_SUSPICIOUS_MOVE = YES;
				CLANG_WARN_UNGUARDED_AVAILABILITY = YES_AGGRESSIVE;
				CLANG_WARN_UNREACHABLE_CODE = YES;
				CLANG_WARN__DUPLICATE_METHOD_MATCH = YES;
				COPY_PHASE_STRIP = NO;
				DEBUG_INFORMATION_FORMAT = dwarf;
				ENABLE_STRICT_OBJC_MSGSEND = YES;
				ENABLE_TESTABILITY = YES;
				GCC_C_LANGUAGE_STANDARD = gnu11;
				GCC_DYNAMIC_NO_PIC = NO;
				GCC_NO_COMMON_BLOCKS = YES;
				GCC_OPTIMIZATION_LEVEL = 0;
				GCC_PREPROCESSOR_DEFINITIONS = (
					"DEBUG=1",
					"$(inherited)",
				);
				GCC_WARN_64_TO_32_BIT_CONVERSION = YES;
				GCC_WARN_ABOUT_RETURN_TYPE = YES_ERROR;
				GCC_WARN_UNDECLARED_SELECTOR = YES;
				GCC_WARN_UNINITIALIZED_AUTOS = YES_AGGRESSIVE;
				GCC_WARN_UNUSED_FUNCTION = YES;
				GCC_WARN_UNUSED_VARIABLE = YES;
				IPHONEOS_DEPLOYMENT_TARGET = 14.4;
				MTL_ENABLE_DEBUG_INFO = INCLUDE_SOURCE;
				MTL_FAST_MATH = YES;
				ONLY_ACTIVE_ARCH = YES;
				SDKROOT = iphoneos;
				SWIFT_ACTIVE_COMPILATION_CONDITIONS = DEBUG;
				SWIFT_OPTIMIZATION_LEVEL = "-Onone";
			};
			name = Debug;
		};
		E4EA34BA25DC922A00449A03 /* Release */ = {
			isa = XCBuildConfiguration;
			buildSettings = {
				ALWAYS_SEARCH_USER_PATHS = NO;
				CLANG_ANALYZER_NONNULL = YES;
				CLANG_ANALYZER_NUMBER_OBJECT_CONVERSION = YES_AGGRESSIVE;
				CLANG_CXX_LANGUAGE_STANDARD = "gnu++14";
				CLANG_CXX_LIBRARY = "libc++";
				CLANG_ENABLE_MODULES = YES;
				CLANG_ENABLE_OBJC_ARC = YES;
				CLANG_ENABLE_OBJC_WEAK = YES;
				CLANG_WARN_BLOCK_CAPTURE_AUTORELEASING = YES;
				CLANG_WARN_BOOL_CONVERSION = YES;
				CLANG_WARN_COMMA = YES;
				CLANG_WARN_CONSTANT_CONVERSION = YES;
				CLANG_WARN_DEPRECATED_OBJC_IMPLEMENTATIONS = YES;
				CLANG_WARN_DIRECT_OBJC_ISA_USAGE = YES_ERROR;
				CLANG_WARN_DOCUMENTATION_COMMENTS = YES;
				CLANG_WARN_EMPTY_BODY = YES;
				CLANG_WARN_ENUM_CONVERSION = YES;
				CLANG_WARN_INFINITE_RECURSION = YES;
				CLANG_WARN_INT_CONVERSION = YES;
				CLANG_WARN_NON_LITERAL_NULL_CONVERSION = YES;
				CLANG_WARN_OBJC_IMPLICIT_RETAIN_SELF = YES;
				CLANG_WARN_OBJC_LITERAL_CONVERSION = YES;
				CLANG_WARN_OBJC_ROOT_CLASS = YES_ERROR;
				CLANG_WARN_QUOTED_INCLUDE_IN_FRAMEWORK_HEADER = YES;
				CLANG_WARN_RANGE_LOOP_ANALYSIS = YES;
				CLANG_WARN_STRICT_PROTOTYPES = YES;
				CLANG_WARN_SUSPICIOUS_MOVE = YES;
				CLANG_WARN_UNGUARDED_AVAILABILITY = YES_AGGRESSIVE;
				CLANG_WARN_UNREACHABLE_CODE = YES;
				CLANG_WARN__DUPLICATE_METHOD_MATCH = YES;
				COPY_PHASE_STRIP = NO;
				DEBUG_INFORMATION_FORMAT = "dwarf-with-dsym";
				ENABLE_NS_ASSERTIONS = NO;
				ENABLE_STRICT_OBJC_MSGSEND = YES;
				GCC_C_LANGUAGE_STANDARD = gnu11;
				GCC_NO_COMMON_BLOCKS = YES;
				GCC_WARN_64_TO_32_BIT_CONVERSION = YES;
				GCC_WARN_ABOUT_RETURN_TYPE = YES_ERROR;
				GCC_WARN_UNDECLARED_SELECTOR = YES;
				GCC_WARN_UNINITIALIZED_AUTOS = YES_AGGRESSIVE;
				GCC_WARN_UNUSED_FUNCTION = YES;
				GCC_WARN_UNUSED_VARIABLE = YES;
				IPHONEOS_DEPLOYMENT_TARGET = 14.4;
				MTL_ENABLE_DEBUG_INFO = NO;
				MTL_FAST_MATH = YES;
				SDKROOT = iphoneos;
				SWIFT_COMPILATION_MODE = wholemodule;
				SWIFT_OPTIMIZATION_LEVEL = "-O";
				VALIDATE_PRODUCT = YES;
			};
			name = Release;
		};
		E4EA34BC25DC922A00449A03 /* Debug */ = {
			isa = XCBuildConfiguration;
			buildSettings = {
				ASSETCATALOG_COMPILER_APPICON_NAME = AppIcon;
				ASSETCATALOG_COMPILER_GLOBAL_ACCENT_COLOR_NAME = AccentColor;
				CODE_SIGN_STYLE = Automatic;
				DEVELOPMENT_ASSET_PATHS = "\"rubberband/Preview Content\"";
				DEVELOPMENT_TEAM = ALZ7L55592;
				ENABLE_PREVIEWS = YES;
				INFOPLIST_FILE = rubberband/Info.plist;
				IPHONEOS_DEPLOYMENT_TARGET = 14.0;
				LD_RUNPATH_SEARCH_PATHS = (
					"$(inherited)",
					"@executable_path/Frameworks",
				);
				PRODUCT_BUNDLE_IDENTIFIER = com.joekndy.rubberband;
				PRODUCT_NAME = "$(TARGET_NAME)";
				SWIFT_VERSION = 5.0;
				TARGETED_DEVICE_FAMILY = "1,2";
			};
			name = Debug;
		};
		E4EA34BD25DC922A00449A03 /* Release */ = {
			isa = XCBuildConfiguration;
			buildSettings = {
				ASSETCATALOG_COMPILER_APPICON_NAME = AppIcon;
				ASSETCATALOG_COMPILER_GLOBAL_ACCENT_COLOR_NAME = AccentColor;
				CODE_SIGN_STYLE = Automatic;
				DEVELOPMENT_ASSET_PATHS = "\"rubberband/Preview Content\"";
				DEVELOPMENT_TEAM = ALZ7L55592;
				ENABLE_PREVIEWS = YES;
				INFOPLIST_FILE = rubberband/Info.plist;
				IPHONEOS_DEPLOYMENT_TARGET = 14.0;
				LD_RUNPATH_SEARCH_PATHS = (
					"$(inherited)",
					"@executable_path/Frameworks",
				);
				PRODUCT_BUNDLE_IDENTIFIER = com.joekndy.rubberband;
				PRODUCT_NAME = "$(TARGET_NAME)";
				SWIFT_VERSION = 5.0;
				TARGETED_DEVICE_FAMILY = "1,2";
			};
			name = Release;
		};
		E4EA34BF25DC922A00449A03 /* Debug */ = {
			isa = XCBuildConfiguration;
			buildSettings = {
				ALWAYS_EMBED_SWIFT_STANDARD_LIBRARIES = YES;
				BUNDLE_LOADER = "$(TEST_HOST)";
				CODE_SIGN_STYLE = Automatic;
				INFOPLIST_FILE = rubberbandTests/Info.plist;
				IPHONEOS_DEPLOYMENT_TARGET = 14.0;
				LD_RUNPATH_SEARCH_PATHS = (
					"$(inherited)",
					"@executable_path/Frameworks",
					"@loader_path/Frameworks",
				);
				PRODUCT_BUNDLE_IDENTIFIER = com.joekndy.rubberbandTests;
				PRODUCT_NAME = "$(TARGET_NAME)";
				SWIFT_VERSION = 5.0;
				TARGETED_DEVICE_FAMILY = "1,2";
				TEST_HOST = "$(BUILT_PRODUCTS_DIR)/rubberband.app/rubberband";
			};
			name = Debug;
		};
		E4EA34C025DC922A00449A03 /* Release */ = {
			isa = XCBuildConfiguration;
			buildSettings = {
				ALWAYS_EMBED_SWIFT_STANDARD_LIBRARIES = YES;
				BUNDLE_LOADER = "$(TEST_HOST)";
				CODE_SIGN_STYLE = Automatic;
				INFOPLIST_FILE = rubberbandTests/Info.plist;
				IPHONEOS_DEPLOYMENT_TARGET = 14.0;
				LD_RUNPATH_SEARCH_PATHS = (
					"$(inherited)",
					"@executable_path/Frameworks",
					"@loader_path/Frameworks",
				);
				PRODUCT_BUNDLE_IDENTIFIER = com.joekndy.rubberbandTests;
				PRODUCT_NAME = "$(TARGET_NAME)";
				SWIFT_VERSION = 5.0;
				TARGETED_DEVICE_FAMILY = "1,2";
				TEST_HOST = "$(BUILT_PRODUCTS_DIR)/rubberband.app/rubberband";
			};
			name = Release;
		};
		E4EA34C225DC922A00449A03 /* Debug */ = {
			isa = XCBuildConfiguration;
			buildSettings = {
				ALWAYS_EMBED_SWIFT_STANDARD_LIBRARIES = YES;
				CODE_SIGN_STYLE = Automatic;
				INFOPLIST_FILE = rubberbandUITests/Info.plist;
				LD_RUNPATH_SEARCH_PATHS = (
					"$(inherited)",
					"@executable_path/Frameworks",
					"@loader_path/Frameworks",
				);
				PRODUCT_BUNDLE_IDENTIFIER = com.joekndy.rubberbandUITests;
				PRODUCT_NAME = "$(TARGET_NAME)";
				SWIFT_VERSION = 5.0;
				TARGETED_DEVICE_FAMILY = "1,2";
				TEST_TARGET_NAME = rubberband;
			};
			name = Debug;
		};
		E4EA34C325DC922A00449A03 /* Release */ = {
			isa = XCBuildConfiguration;
			buildSettings = {
				ALWAYS_EMBED_SWIFT_STANDARD_LIBRARIES = YES;
				CODE_SIGN_STYLE = Automatic;
				INFOPLIST_FILE = rubberbandUITests/Info.plist;
				LD_RUNPATH_SEARCH_PATHS = (
					"$(inherited)",
					"@executable_path/Frameworks",
					"@loader_path/Frameworks",
				);
				PRODUCT_BUNDLE_IDENTIFIER = com.joekndy.rubberbandUITests;
				PRODUCT_NAME = "$(TARGET_NAME)";
				SWIFT_VERSION = 5.0;
				TARGETED_DEVICE_FAMILY = "1,2";
				TEST_TARGET_NAME = rubberband;
			};
			name = Release;
		};
/* End XCBuildConfiguration section */

/* Begin XCConfigurationList section */
		E4EA349125DC922500449A03 /* Build configuration list for PBXProject "rubberband" */ = {
			isa = XCConfigurationList;
			buildConfigurations = (
				E4EA34B925DC922A00449A03 /* Debug */,
				E4EA34BA25DC922A00449A03 /* Release */,
			);
			defaultConfigurationIsVisible = 0;
			defaultConfigurationName = Release;
		};
		E4EA34BB25DC922A00449A03 /* Build configuration list for PBXNativeTarget "rubberband" */ = {
			isa = XCConfigurationList;
			buildConfigurations = (
				E4EA34BC25DC922A00449A03 /* Debug */,
				E4EA34BD25DC922A00449A03 /* Release */,
			);
			defaultConfigurationIsVisible = 0;
			defaultConfigurationName = Release;
		};
		E4EA34BE25DC922A00449A03 /* Build configuration list for PBXNativeTarget "rubberbandTests" */ = {
			isa = XCConfigurationList;
			buildConfigurations = (
				E4EA34BF25DC922A00449A03 /* Debug */,
				E4EA34C025DC922A00449A03 /* Release */,
			);
			defaultConfigurationIsVisible = 0;
			defaultConfigurationName = Release;
		};
		E4EA34C125DC922A00449A03 /* Build configuration list for PBXNativeTarget "rubberbandUITests" */ = {
			isa = XCConfigurationList;
			buildConfigurations = (
				E4EA34C225DC922A00449A03 /* Debug */,
				E4EA34C325DC922A00449A03 /* Release */,
			);
			defaultConfigurationIsVisible = 0;
			defaultConfigurationName = Release;
		};
/* End XCConfigurationList section */
	};
	rootObject = E4EA348E25DC922500449A03 /* Project object */;
}
